
Microsoft Visual Studio Solution File, Format Version 12.00
# Visual Studio Version 16
VisualStudioVersion = 16.0.30517.126
MinimumVisualStudioVersion = 10.0.40219.1
Project("{FAE04EC0-301F-11D3-BF4B-00C04F79EFBC}") = "voter20_21", "voter20_21\voter20_21.csproj", "{67589E3B-E011-4ACA-B2CD-4A003891D41A}"
EndProject
Global
	GlobalSection(SolutionConfigurationPlatforms) = preSolution
		Debug|Any CPU = Debug|Any CPU
		Release|Any CPU = Release|Any CPU
	EndGlobalSection
	GlobalSection(ProjectConfigurationPlatforms) = postSolution
		{67589E3B-E011-4ACA-B2CD-4A003891D41A}.Debug|Any CPU.ActiveCfg = Debug|Any CPU
		{67589E3B-E011-4ACA-B2CD-4A003891D41A}.Debug|Any CPU.Build.0 = Debug|Any CPU
		{67589E3B-E011-4ACA-B2CD-4A003891D41A}.Release|Any CPU.ActiveCfg = Release|Any CPU
		{67589E3B-E011-4ACA-B2CD-4A003891D41A}.Release|Any CPU.Build.0 = Release|Any CPU
	EndGlobalSection
	GlobalSection(SolutionProperties) = preSolution
		HideSolutionNode = FALSE
	EndGlobalSection
	GlobalSection(ExtensibilityGlobals) = postSolution
		SolutionGuid = {CD86B91D-EEC2-412F-900A-8C82ADC1A2BB}
	EndGlobalSection
EndGlobal
